// !$*UTF8*$!
{
	archiveVersion = 1;
	classes = {
	};
	objectVersion = 46;
	objects = {

/* Begin PBXAggregateTarget section */
		"Mars_Rover::Mars_RoverPackageTests::ProductTarget" /* Mars_RoverPackageTests */ = {
			isa = PBXAggregateTarget;
			buildConfigurationList = OBJ_30 /* Build configuration list for PBXAggregateTarget "Mars_RoverPackageTests" */;
			buildPhases = (
			);
			dependencies = (
				OBJ_33 /* PBXTargetDependency */,
			);
			name = Mars_RoverPackageTests;
			productName = Mars_RoverPackageTests;
		};
/* End PBXAggregateTarget section */

/* Begin PBXBuildFile section */
		8630A1A327205F5600123912 /* Detector.swift in Sources */ = {isa = PBXBuildFile; fileRef = 8630A1A227205F5600123912 /* Detector.swift */; };
		8675ACA7271A368B00529558 /* Rover.swift in Sources */ = {isa = PBXBuildFile; fileRef = 8675ACA6271A368B00529558 /* Rover.swift */; };
		8675ACAC271A36F900529558 /* RoverTests.swift in Sources */ = {isa = PBXBuildFile; fileRef = 8675ACAA271A36EF00529558 /* RoverTests.swift */; };
		8675ACAF271A384900529558 /* Direction.swift in Sources */ = {isa = PBXBuildFile; fileRef = 8675ACAE271A384900529558 /* Direction.swift */; };
		8679C4F4271AE2B000220719 /* Coordinates.swift in Sources */ = {isa = PBXBuildFile; fileRef = 8679C4F3271AE2B000220719 /* Coordinates.swift */; };
		8679C4F6271AF75E00220719 /* Command.swift in Sources */ = {isa = PBXBuildFile; fileRef = 8679C4F5271AF75E00220719 /* Command.swift */; };
		OBJ_28 /* Package.swift in Sources */ = {isa = PBXBuildFile; fileRef = OBJ_6 /* Package.swift */; };
		OBJ_41 /* Mars_Rover.framework in Frameworks */ = {isa = PBXBuildFile; fileRef = "Mars_Rover::Mars_Rover::Product" /* Mars_Rover.framework */; };
/* End PBXBuildFile section */

/* Begin PBXContainerItemProxy section */
		8675ACA4271A367300529558 /* PBXContainerItemProxy */ = {
			isa = PBXContainerItemProxy;
			containerPortal = OBJ_1 /* Project object */;
			proxyType = 1;
			remoteGlobalIDString = "Mars_Rover::Mars_Rover";
			remoteInfo = Mars_Rover;
		};
		8675ACA5271A367400529558 /* PBXContainerItemProxy */ = {
			isa = PBXContainerItemProxy;
			containerPortal = OBJ_1 /* Project object */;
			proxyType = 1;
			remoteGlobalIDString = "Mars_Rover::Mars_RoverTests";
			remoteInfo = Mars_RoverTests;
		};
/* End PBXContainerItemProxy section */

/* Begin PBXFileReference section */
		8630A1A227205F5600123912 /* Detector.swift */ = {isa = PBXFileReference; lastKnownFileType = sourcecode.swift; path = Detector.swift; sourceTree = "<group>"; };
		8675ACA6271A368B00529558 /* Rover.swift */ = {isa = PBXFileReference; lastKnownFileType = sourcecode.swift; path = Rover.swift; sourceTree = "<group>"; };
		8675ACAA271A36EF00529558 /* RoverTests.swift */ = {isa = PBXFileReference; lastKnownFileType = sourcecode.swift; path = RoverTests.swift; sourceTree = "<group>"; };
		8675ACAE271A384900529558 /* Direction.swift */ = {isa = PBXFileReference; lastKnownFileType = sourcecode.swift; path = Direction.swift; sourceTree = "<group>"; };
		8679C4F3271AE2B000220719 /* Coordinates.swift */ = {isa = PBXFileReference; lastKnownFileType = sourcecode.swift; path = Coordinates.swift; sourceTree = "<group>"; };
		8679C4F5271AF75E00220719 /* Command.swift */ = {isa = PBXFileReference; lastKnownFileType = sourcecode.swift; path = Command.swift; sourceTree = "<group>"; };
		"Mars_Rover::Mars_Rover::Product" /* Mars_Rover.framework */ = {isa = PBXFileReference; lastKnownFileType = wrapper.framework; path = Mars_Rover.framework; sourceTree = BUILT_PRODUCTS_DIR; };
		"Mars_Rover::Mars_RoverTests::Product" /* Mars_RoverTests.xctest */ = {isa = PBXFileReference; lastKnownFileType = file; path = Mars_RoverTests.xctest; sourceTree = BUILT_PRODUCTS_DIR; };
		OBJ_6 /* Package.swift */ = {isa = PBXFileReference; explicitFileType = sourcecode.swift; path = Package.swift; sourceTree = "<group>"; };
/* End PBXFileReference section */

/* Begin PBXFrameworksBuildPhase section */
		OBJ_22 /* Frameworks */ = {
			isa = PBXFrameworksBuildPhase;
			buildActionMask = 0;
			files = (
			);
			runOnlyForDeploymentPostprocessing = 0;
		};
		OBJ_40 /* Frameworks */ = {
			isa = PBXFrameworksBuildPhase;
			buildActionMask = 0;
			files = (
				OBJ_41 /* Mars_Rover.framework in Frameworks */,
			);
			runOnlyForDeploymentPostprocessing = 0;
		};
/* End PBXFrameworksBuildPhase section */

/* Begin PBXGroup section */
		8675ACA9271A369C00529558 /* Rover */ = {
			isa = PBXGroup;
			children = (
				8675ACA6271A368B00529558 /* Rover.swift */,
				8675ACAE271A384900529558 /* Direction.swift */,
				8679C4F3271AE2B000220719 /* Coordinates.swift */,
				8679C4F5271AF75E00220719 /* Command.swift */,
				8630A1A227205F5600123912 /* Detector.swift */,
			);
			path = Rover;
			sourceTree = "<group>";
		};
		8675ACAD271A36FE00529558 /* RoverTests */ = {
			isa = PBXGroup;
			children = (
				8675ACAA271A36EF00529558 /* RoverTests.swift */,
			);
			path = RoverTests;
			sourceTree = "<group>";
		};
		OBJ_10 /* Tests */ = {
			isa = PBXGroup;
			children = (
				8675ACAD271A36FE00529558 /* RoverTests */,
			);
			name = Tests;
			sourceTree = SOURCE_ROOT;
		};
		OBJ_13 /* Products */ = {
			isa = PBXGroup;
			children = (
				"Mars_Rover::Mars_Rover::Product" /* Mars_Rover.framework */,
				"Mars_Rover::Mars_RoverTests::Product" /* Mars_RoverTests.xctest */,
			);
			name = Products;
			sourceTree = BUILT_PRODUCTS_DIR;
		};
		OBJ_5 = {
			isa = PBXGroup;
			children = (
				OBJ_6 /* Package.swift */,
				OBJ_7 /* Sources */,
				OBJ_10 /* Tests */,
				OBJ_13 /* Products */,
			);
			sourceTree = "<group>";
		};
		OBJ_7 /* Sources */ = {
			isa = PBXGroup;
			children = (
				8675ACA9271A369C00529558 /* Rover */,
			);
			name = Sources;
			sourceTree = SOURCE_ROOT;
		};
/* End PBXGroup section */

/* Begin PBXNativeTarget section */
		"Mars_Rover::Mars_Rover" /* Mars_Rover */ = {
			isa = PBXNativeTarget;
			buildConfigurationList = OBJ_17 /* Build configuration list for PBXNativeTarget "Mars_Rover" */;
			buildPhases = (
				OBJ_20 /* Sources */,
				OBJ_22 /* Frameworks */,
			);
			buildRules = (
			);
			dependencies = (
			);
			name = Mars_Rover;
			productName = Mars_Rover;
			productReference = "Mars_Rover::Mars_Rover::Product" /* Mars_Rover.framework */;
			productType = "com.apple.product-type.framework";
		};
		"Mars_Rover::Mars_RoverTests" /* Mars_RoverTests */ = {
			isa = PBXNativeTarget;
			buildConfigurationList = OBJ_35 /* Build configuration list for PBXNativeTarget "Mars_RoverTests" */;
			buildPhases = (
				OBJ_38 /* Sources */,
				OBJ_40 /* Frameworks */,
			);
			buildRules = (
			);
			dependencies = (
				OBJ_42 /* PBXTargetDependency */,
			);
			name = Mars_RoverTests;
			productName = Mars_RoverTests;
			productReference = "Mars_Rover::Mars_RoverTests::Product" /* Mars_RoverTests.xctest */;
			productType = "com.apple.product-type.bundle.unit-test";
		};
		"Mars_Rover::SwiftPMPackageDescription" /* Mars_RoverPackageDescription */ = {
			isa = PBXNativeTarget;
			buildConfigurationList = OBJ_24 /* Build configuration list for PBXNativeTarget "Mars_RoverPackageDescription" */;
			buildPhases = (
				OBJ_27 /* Sources */,
			);
			buildRules = (
			);
			dependencies = (
			);
			name = Mars_RoverPackageDescription;
			productName = Mars_RoverPackageDescription;
			productType = "com.apple.product-type.framework";
		};
/* End PBXNativeTarget section */

/* Begin PBXProject section */
		OBJ_1 /* Project object */ = {
			isa = PBXProject;
			attributes = {
				LastSwiftMigration = 9999;
				LastUpgradeCheck = 9999;
			};
			buildConfigurationList = OBJ_2 /* Build configuration list for PBXProject "Mars_Rover" */;
			compatibilityVersion = "Xcode 3.2";
			developmentRegion = en;
			hasScannedForEncodings = 0;
			knownRegions = (
				en,
			);
			mainGroup = OBJ_5;
			productRefGroup = OBJ_13 /* Products */;
			projectDirPath = "";
			projectRoot = "";
			targets = (
				"Mars_Rover::Mars_Rover" /* Mars_Rover */,
				"Mars_Rover::SwiftPMPackageDescription" /* Mars_RoverPackageDescription */,
				"Mars_Rover::Mars_RoverPackageTests::ProductTarget" /* Mars_RoverPackageTests */,
				"Mars_Rover::Mars_RoverTests" /* Mars_RoverTests */,
			);
		};
/* End PBXProject section */

/* Begin PBXSourcesBuildPhase section */
		OBJ_20 /* Sources */ = {
			isa = PBXSourcesBuildPhase;
			buildActionMask = 0;
			files = (
				8630A1A327205F5600123912 /* Detector.swift in Sources */,
				8675ACA7271A368B00529558 /* Rover.swift in Sources */,
				8675ACAF271A384900529558 /* Direction.swift in Sources */,
				8679C4F6271AF75E00220719 /* Command.swift in Sources */,
				8679C4F4271AE2B000220719 /* Coordinates.swift in Sources */,
			);
			runOnlyForDeploymentPostprocessing = 0;
		};
		OBJ_27 /* Sources */ = {
			isa = PBXSourcesBuildPhase;
			buildActionMask = 0;
			files = (
				OBJ_28 /* Package.swift in Sources */,
			);
			runOnlyForDeploymentPostprocessing = 0;
		};
		OBJ_38 /* Sources */ = {
			isa = PBXSourcesBuildPhase;
			buildActionMask = 0;
			files = (
				8675ACAC271A36F900529558 /* RoverTests.swift in Sources */,
			);
			runOnlyForDeploymentPostprocessing = 0;
		};
/* End PBXSourcesBuildPhase section */

/* Begin PBXTargetDependency section */
		OBJ_33 /* PBXTargetDependency */ = {
			isa = PBXTargetDependency;
			target = "Mars_Rover::Mars_RoverTests" /* Mars_RoverTests */;
			targetProxy = 8675ACA5271A367400529558 /* PBXContainerItemProxy */;
		};
		OBJ_42 /* PBXTargetDependency */ = {
			isa = PBXTargetDependency;
			target = "Mars_Rover::Mars_Rover" /* Mars_Rover */;
			targetProxy = 8675ACA4271A367300529558 /* PBXContainerItemProxy */;
		};
/* End PBXTargetDependency section */

/* Begin XCBuildConfiguration section */
		OBJ_18 /* Debug */ = {
			isa = XCBuildConfiguration;
			buildSettings = {
				CURRENT_PROJECT_VERSION = 1;
				DRIVERKIT_DEPLOYMENT_TARGET = 19.0;
				ENABLE_TESTABILITY = YES;
				FRAMEWORK_SEARCH_PATHS = (
					"$(inherited)",
					"$(PLATFORM_DIR)/Developer/Library/Frameworks",
				);
				HEADER_SEARCH_PATHS = "$(inherited)";
				INFOPLIST_FILE = Mars_Rover.xcodeproj/Mars_Rover_Info.plist;
				IPHONEOS_DEPLOYMENT_TARGET = 9.0;
				LD_RUNPATH_SEARCH_PATHS = "$(inherited) $(TOOLCHAIN_DIR)/usr/lib/swift/macosx";
				MACOSX_DEPLOYMENT_TARGET = 10.10;
				OTHER_CFLAGS = "$(inherited)";
				OTHER_LDFLAGS = "$(inherited)";
				OTHER_SWIFT_FLAGS = "$(inherited)";
				PRODUCT_BUNDLE_IDENTIFIER = "Mars-Rover";
				PRODUCT_MODULE_NAME = "$(TARGET_NAME:c99extidentifier)";
				PRODUCT_NAME = "$(TARGET_NAME:c99extidentifier)";
				SKIP_INSTALL = YES;
				SWIFT_ACTIVE_COMPILATION_CONDITIONS = "$(inherited)";
				SWIFT_VERSION = 5.0;
				TARGET_NAME = Mars_Rover;
				TVOS_DEPLOYMENT_TARGET = 9.0;
				WATCHOS_DEPLOYMENT_TARGET = 2.0;
			};
			name = Debug;
		};
		OBJ_19 /* Release */ = {
			isa = XCBuildConfiguration;
			buildSettings = {
				CURRENT_PROJECT_VERSION = 1;
				DRIVERKIT_DEPLOYMENT_TARGET = 19.0;
				ENABLE_TESTABILITY = YES;
				FRAMEWORK_SEARCH_PATHS = (
					"$(inherited)",
					"$(PLATFORM_DIR)/Developer/Library/Frameworks",
				);
				HEADER_SEARCH_PATHS = "$(inherited)";
				INFOPLIST_FILE = Mars_Rover.xcodeproj/Mars_Rover_Info.plist;
				IPHONEOS_DEPLOYMENT_TARGET = 9.0;
				LD_RUNPATH_SEARCH_PATHS = "$(inherited) $(TOOLCHAIN_DIR)/usr/lib/swift/macosx";
				MACOSX_DEPLOYMENT_TARGET = 10.10;
				OTHER_CFLAGS = "$(inherited)";
				OTHER_LDFLAGS = "$(inherited)";
				OTHER_SWIFT_FLAGS = "$(inherited)";
				PRODUCT_BUNDLE_IDENTIFIER = "Mars-Rover";
				PRODUCT_MODULE_NAME = "$(TARGET_NAME:c99extidentifier)";
				PRODUCT_NAME = "$(TARGET_NAME:c99extidentifier)";
				SKIP_INSTALL = YES;
				SWIFT_ACTIVE_COMPILATION_CONDITIONS = "$(inherited)";
				SWIFT_VERSION = 5.0;
				TARGET_NAME = Mars_Rover;
				TVOS_DEPLOYMENT_TARGET = 9.0;
				WATCHOS_DEPLOYMENT_TARGET = 2.0;
			};
			name = Release;
		};
		OBJ_25 /* Debug */ = {
			isa = XCBuildConfiguration;
			buildSettings = {
				LD = /usr/bin/true;
				OTHER_SWIFT_FLAGS = "-swift-version 5 -I $(TOOLCHAIN_DIR)/usr/lib/swift/pm/ManifestAPI -sdk /Applications/Xcode.app/Contents/Developer/Platforms/MacOSX.platform/Developer/SDKs/MacOSX11.3.sdk -package-description-version 5.5.0";
				SWIFT_VERSION = 5.0;
			};
			name = Debug;
		};
		OBJ_26 /* Release */ = {
			isa = XCBuildConfiguration;
			buildSettings = {
				LD = /usr/bin/true;
				OTHER_SWIFT_FLAGS = "-swift-version 5 -I $(TOOLCHAIN_DIR)/usr/lib/swift/pm/ManifestAPI -sdk /Applications/Xcode.app/Contents/Developer/Platforms/MacOSX.platform/Developer/SDKs/MacOSX11.3.sdk -package-description-version 5.5.0";
				SWIFT_VERSION = 5.0;
			};
			name = Release;
		};
		OBJ_3 /* Debug */ = {
			isa = XCBuildConfiguration;
			buildSettings = {
				CLANG_ENABLE_OBJC_ARC = YES;
				COMBINE_HIDPI_IMAGES = YES;
				COPY_PHASE_STRIP = NO;
				DEBUG_INFORMATION_FORMAT = dwarf;
				DYLIB_INSTALL_NAME_BASE = "@rpath";
				ENABLE_NS_ASSERTIONS = YES;
				GCC_OPTIMIZATION_LEVEL = 0;
				GCC_PREPROCESSOR_DEFINITIONS = (
					"$(inherited)",
					"SWIFT_PACKAGE=1",
					"DEBUG=1",
				);
				MACOSX_DEPLOYMENT_TARGET = 10.10;
				ONLY_ACTIVE_ARCH = YES;
				OTHER_SWIFT_FLAGS = "$(inherited) -DXcode";
				PRODUCT_NAME = "$(TARGET_NAME)";
				SDKROOT = macosx;
				SUPPORTED_PLATFORMS = "$(AVAILABLE_PLATFORMS)";
				SUPPORTS_MACCATALYST = YES;
				SWIFT_ACTIVE_COMPILATION_CONDITIONS = "$(inherited) SWIFT_PACKAGE DEBUG";
				SWIFT_OPTIMIZATION_LEVEL = "-Onone";
				USE_HEADERMAP = NO;
			};
			name = Debug;
		};
		OBJ_31 /* Debug */ = {
			isa = XCBuildConfiguration;
			buildSettings = {
			};
			name = Debug;
		};
		OBJ_32 /* Release */ = {
			isa = XCBuildConfiguration;
			buildSettings = {
			};
			name = Release;
		};
		OBJ_36 /* Debug */ = {
			isa = XCBuildConfiguration;
			buildSettings = {
				CLANG_ENABLE_MODULES = YES;
				CURRENT_PROJECT_VERSION = 1;
				DRIVERKIT_DEPLOYMENT_TARGET = 19.0;
				EMBEDDED_CONTENT_CONTAINS_SWIFT = YES;
				FRAMEWORK_SEARCH_PATHS = (
					"$(inherited)",
					"$(PLATFORM_DIR)/Developer/Library/Frameworks",
				);
				HEADER_SEARCH_PATHS = "$(inherited)";
				INFOPLIST_FILE = Mars_Rover.xcodeproj/Mars_RoverTests_Info.plist;
				IPHONEOS_DEPLOYMENT_TARGET = 14.0;
				LD_RUNPATH_SEARCH_PATHS = "$(inherited) @loader_path/../Frameworks @loader_path/Frameworks";
				MACOSX_DEPLOYMENT_TARGET = 11.0;
				OTHER_CFLAGS = "$(inherited)";
				OTHER_LDFLAGS = "$(inherited)";
				OTHER_SWIFT_FLAGS = "$(inherited)";
				SWIFT_ACTIVE_COMPILATION_CONDITIONS = "$(inherited)";
				SWIFT_VERSION = 5.0;
				TARGET_NAME = Mars_RoverTests;
				TVOS_DEPLOYMENT_TARGET = 14.0;
				WATCHOS_DEPLOYMENT_TARGET = 7.0;
			};
			name = Debug;
		};
		OBJ_37 /* Release */ = {
			isa = XCBuildConfiguration;
			buildSettings = {
				CLANG_ENABLE_MODULES = YES;
				CURRENT_PROJECT_VERSION = 1;
				DRIVERKIT_DEPLOYMENT_TARGET = 19.0;
				EMBEDDED_CONTENT_CONTAINS_SWIFT = YES;
				FRAMEWORK_SEARCH_PATHS = (
					"$(inherited)",
					"$(PLATFORM_DIR)/Developer/Library/Frameworks",
				);
				HEADER_SEARCH_PATHS = "$(inherited)";
				INFOPLIST_FILE = Mars_Rover.xcodeproj/Mars_RoverTests_Info.plist;
				IPHONEOS_DEPLOYMENT_TARGET = 14.0;
				LD_RUNPATH_SEARCH_PATHS = "$(inherited) @loader_path/../Frameworks @loader_path/Frameworks";
				MACOSX_DEPLOYMENT_TARGET = 11.0;
				OTHER_CFLAGS = "$(inherited)";
				OTHER_LDFLAGS = "$(inherited)";
				OTHER_SWIFT_FLAGS = "$(inherited)";
				SWIFT_ACTIVE_COMPILATION_CONDITIONS = "$(inherited)";
				SWIFT_VERSION = 5.0;
				TARGET_NAME = Mars_RoverTests;
				TVOS_DEPLOYMENT_TARGET = 14.0;
				WATCHOS_DEPLOYMENT_TARGET = 7.0;
			};
			name = Release;
		};
		OBJ_4 /* Release */ = {
			isa = XCBuildConfiguration;
			buildSettings = {
				CLANG_ENABLE_OBJC_ARC = YES;
				COMBINE_HIDPI_IMAGES = YES;
				COPY_PHASE_STRIP = YES;
				DEBUG_INFORMATION_FORMAT = "dwarf-with-dsym";
				DYLIB_INSTALL_NAME_BASE = "@rpath";
				GCC_OPTIMIZATION_LEVEL = s;
				GCC_PREPROCESSOR_DEFINITIONS = (
					"$(inherited)",
					"SWIFT_PACKAGE=1",
				);
				MACOSX_DEPLOYMENT_TARGET = 10.10;
				OTHER_SWIFT_FLAGS = "$(inherited) -DXcode";
				PRODUCT_NAME = "$(TARGET_NAME)";
				SDKROOT = macosx;
				SUPPORTED_PLATFORMS = "$(AVAILABLE_PLATFORMS)";
				SUPPORTS_MACCATALYST = YES;
				SWIFT_ACTIVE_COMPILATION_CONDITIONS = "$(inherited) SWIFT_PACKAGE";
				SWIFT_OPTIMIZATION_LEVEL = "-Owholemodule";
				USE_HEADERMAP = NO;
			};
			name = Release;
		};
/* End XCBuildConfiguration section */

/* Begin XCConfigurationList section */
		OBJ_17 /* Build configuration list for PBXNativeTarget "Mars_Rover" */ = {
			isa = XCConfigurationList;
			buildConfigurations = (
				OBJ_18 /* Debug */,
				OBJ_19 /* Release */,
			);
			defaultConfigurationIsVisible = 0;
			defaultConfigurationName = Release;
		};
		OBJ_2 /* Build configuration list for PBXProject "Mars_Rover" */ = {
			isa = XCConfigurationList;
			buildConfigurations = (
				OBJ_3 /* Debug */,
				OBJ_4 /* Release */,
			);
			defaultConfigurationIsVisible = 0;
			defaultConfigurationName = Release;
		};
		OBJ_24 /* Build configuration list for PBXNativeTarget "Mars_RoverPackageDescription" */ = {
			isa = XCConfigurationList;
			buildConfigurations = (
				OBJ_25 /* Debug */,
				OBJ_26 /* Release */,
			);
			defaultConfigurationIsVisible = 0;
			defaultConfigurationName = Release;
		};
		OBJ_30 /* Build configuration list for PBXAggregateTarget "Mars_RoverPackageTests" */ = {
			isa = XCConfigurationList;
			buildConfigurations = (
				OBJ_31 /* Debug */,
				OBJ_32 /* Release */,
			);
			defaultConfigurationIsVisible = 0;
			defaultConfigurationName = Release;
		};
		OBJ_35 /* Build configuration list for PBXNativeTarget "Mars_RoverTests" */ = {
			isa = XCConfigurationList;
			buildConfigurations = (
				OBJ_36 /* Debug */,
				OBJ_37 /* Release */,
			);
			defaultConfigurationIsVisible = 0;
			defaultConfigurationName = Release;
		};
/* End XCConfigurationList section */
	};
	rootObject = OBJ_1 /* Project object */;
}
